# This file is generated by running "yarn install" inside your project.
# Manual changes might be lost - proceed with caution!

__metadata:
  version: 6
  cacheKey: 8

"lodash.chunk@npm:^4.2.0":
  version: 4.2.0
  resolution: "lodash.chunk@npm:4.2.0"
  checksum: 6286c6d06814fbeda502164015c42ef53a9194e6ebaac52ec2b41e83344aefe7bc3d94fdfec525adcd2c66cefdf05dc333b6a1128e4de739797342315c17cbc7
  languageName: node
  linkType: hard

"nm-linker-pnp@workspace:.":
  version: 0.0.0-use.local
  resolution: "nm-linker-pnp@workspace:."
  dependencies:
    lodash.chunk: ^4.2.0
  languageName: unknown
  linkType: soft
