# This file is generated by running "yarn install" inside your project.
# Manual changes might be lost - proceed with caution!

__metadata:
  version: 6
  cacheKey: 8c0

"lodash.chunk@npm:^4.2.0":
  version: 4.2.0
  resolution: "lodash.chunk@npm:4.2.0"
  checksum: f9f99969561ad2f62af1f9a96c5bd0af776f000292b0d8db3126c28eb3b32e210d7c31b49c18d0d7901869bd769057046dc134b60cfa0c2c4ce017823a26bb23
  languageName: node
  linkType: hard

"nm-linker-pnpm@workspace:.":
  version: 0.0.0-use.local
  resolution: "nm-linker-pnpm@workspace:."
  dependencies:
    lodash.chunk: ^4.2.0
  languageName: unknown
  linkType: soft
